// !$*UTF8*$!
{
	archiveVersion = 1;
	classes = {
	};
	objectVersion = 56;
	objects = {

/* Begin PBXBuildFile section */
		308BA8F22AE95AB90088F91B /* Chapter1App.swift in Sources */ = {isa = PBXBuildFile; fileRef = 308BA8ED2AE95AB90088F91B /* Chapter1App.swift */; };
		308BA8F32AE95AB90088F91B /* ContentView.swift in Sources */ = {isa = PBXBuildFile; fileRef = 308BA8EE2AE95AB90088F91B /* ContentView.swift */; };
		308BA8F52AE95ACB0088F91B /* Assets.xcassets in Resources */ = {isa = PBXBuildFile; fileRef = 308BA8F42AE95ACB0088F91B /* Assets.xcassets */; };
		308BA8F72AE95AD20088F91B /* Preview Content in Resources */ = {isa = PBXBuildFile; fileRef = 308BA8F62AE95AD20088F91B /* Preview Content */; };
		308BA8F92AE95C210088F91B /* BookObjectObserve.swift in Sources */ = {isa = PBXBuildFile; fileRef = 308BA8F82AE95C210088F91B /* BookObjectObserve.swift */; };
		308BA8FC2AE95C7D0088F91B /* ObservableObjectView.swift in Sources */ = {isa = PBXBuildFile; fileRef = 308BA8FB2AE95C7D0088F91B /* ObservableObjectView.swift */; };
		308BA9012AE95CDE0088F91B /* KVOViewController.swift in Sources */ = {isa = PBXBuildFile; fileRef = 308BA9002AE95CDE0088F91B /* KVOViewController.swift */; };
		308BA9032AE95D4A0088F91B /* BookModel.swift in Sources */ = {isa = PBXBuildFile; fileRef = 308BA9022AE95D4A0088F91B /* BookModel.swift */; };
		308BA9072AE968000088F91B /* Book.swift in Sources */ = {isa = PBXBuildFile; fileRef = 308BA9062AE968000088F91B /* Book.swift */; };
		308BA9092AE9688C0088F91B /* ObservationView.swift in Sources */ = {isa = PBXBuildFile; fileRef = 308BA9082AE9688C0088F91B /* ObservationView.swift */; };
		308BA90D2AE976C50088F91B /* BookAccountViewController.swift in Sources */ = {isa = PBXBuildFile; fileRef = 308BA90C2AE976C50088F91B /* BookAccountViewController.swift */; };
		308BA90F2AE976FA0088F91B /* BookAccount.swift in Sources */ = {isa = PBXBuildFile; fileRef = 308BA90E2AE976FA0088F91B /* BookAccount.swift */; };
/* End PBXBuildFile section */

/* Begin PBXFileReference section */
		308BA8DC2AE959810088F91B /* Chapter1.app */ = {isa = PBXFileReference; explicitFileType = wrapper.application; includeInIndex = 0; path = Chapter1.app; sourceTree = BUILT_PRODUCTS_DIR; };
		308BA8ED2AE95AB90088F91B /* Chapter1App.swift */ = {isa = PBXFileReference; fileEncoding = 4; lastKnownFileType = sourcecode.swift; path = Chapter1App.swift; sourceTree = "<group>"; };
		308BA8EE2AE95AB90088F91B /* ContentView.swift */ = {isa = PBXFileReference; fileEncoding = 4; lastKnownFileType = sourcecode.swift; path = ContentView.swift; sourceTree = "<group>"; };
		308BA8F42AE95ACB0088F91B /* Assets.xcassets */ = {isa = PBXFileReference; lastKnownFileType = folder.assetcatalog; path = Assets.xcassets; sourceTree = "<group>"; };
		308BA8F62AE95AD20088F91B /* Preview Content */ = {isa = PBXFileReference; lastKnownFileType = folder; path = "Preview Content"; sourceTree = "<group>"; };
		308BA8F82AE95C210088F91B /* BookObjectObserve.swift */ = {isa = PBXFileReference; fileEncoding = 4; lastKnownFileType = sourcecode.swift; path = BookObjectObserve.swift; sourceTree = "<group>"; };
		308BA8FB2AE95C7D0088F91B /* ObservableObjectView.swift */ = {isa = PBXFileReference; fileEncoding = 4; lastKnownFileType = sourcecode.swift; name = ObservableObjectView.swift; path = ObservableObject/ObservableObjectView.swift; sourceTree = SOURCE_ROOT; };
		308BA9002AE95CDE0088F91B /* KVOViewController.swift */ = {isa = PBXFileReference; fileEncoding = 4; lastKnownFileType = sourcecode.swift; path = KVOViewController.swift; sourceTree = "<group>"; };
		308BA9022AE95D4A0088F91B /* BookModel.swift */ = {isa = PBXFileReference; lastKnownFileType = sourcecode.swift; path = BookModel.swift; sourceTree = "<group>"; };
		308BA9062AE968000088F91B /* Book.swift */ = {isa = PBXFileReference; lastKnownFileType = sourcecode.swift; path = Book.swift; sourceTree = "<group>"; };
		308BA9082AE9688C0088F91B /* ObservationView.swift */ = {isa = PBXFileReference; lastKnownFileType = sourcecode.swift; path = ObservationView.swift; sourceTree = "<group>"; };
		308BA90C2AE976C50088F91B /* BookAccountViewController.swift */ = {isa = PBXFileReference; lastKnownFileType = sourcecode.swift; path = BookAccountViewController.swift; sourceTree = "<group>"; };
		308BA90E2AE976FA0088F91B /* BookAccount.swift */ = {isa = PBXFileReference; lastKnownFileType = sourcecode.swift; path = BookAccount.swift; sourceTree = "<group>"; };
/* End PBXFileReference section */

/* Begin PBXFrameworksBuildPhase section */
		308BA8D92AE959810088F91B /* Frameworks */ = {
			isa = PBXFrameworksBuildPhase;
			buildActionMask = 2147483647;
			files = (
			);
			runOnlyForDeploymentPostprocessing = 0;
		};
/* End PBXFrameworksBuildPhase section */

/* Begin PBXGroup section */
		308BA8D32AE959810088F91B = {
			isa = PBXGroup;
			children = (
				308BA9042AE95E480088F91B /* App */,
				308BA8FA2AE95C2B0088F91B /* KVO */,
				308BA8FD2AE95C870088F91B /* ObservableObject */,
				308BA9052AE967C70088F91B /* Observation */,
				308BA90B2AE976490088F91B /* ObservationMechanism */,
				308BA8F42AE95ACB0088F91B /* Assets.xcassets */,
				308BA8F62AE95AD20088F91B /* Preview Content */,
				308BA8DD2AE959810088F91B /* Products */,
			);
			sourceTree = "<group>";
		};
		308BA8DD2AE959810088F91B /* Products */ = {
			isa = PBXGroup;
			children = (
				308BA8DC2AE959810088F91B /* Chapter1.app */,
			);
			name = Products;
			sourceTree = "<group>";
		};
		308BA8FA2AE95C2B0088F91B /* KVO */ = {
			isa = PBXGroup;
			children = (
				308BA9002AE95CDE0088F91B /* KVOViewController.swift */,
				308BA8F82AE95C210088F91B /* BookObjectObserve.swift */,
			);
			path = KVO;
			sourceTree = "<group>";
		};
		308BA8FD2AE95C870088F91B /* ObservableObject */ = {
			isa = PBXGroup;
			children = (
				308BA8FB2AE95C7D0088F91B /* ObservableObjectView.swift */,
				308BA9022AE95D4A0088F91B /* BookModel.swift */,
			);
			path = ObservableObject;
			sourceTree = "<group>";
		};
		308BA9042AE95E480088F91B /* App */ = {
			isa = PBXGroup;
			children = (
				308BA8ED2AE95AB90088F91B /* Chapter1App.swift */,
				308BA8EE2AE95AB90088F91B /* ContentView.swift */,
			);
			path = App;
			sourceTree = "<group>";
		};
		308BA9052AE967C70088F91B /* Observation */ = {
			isa = PBXGroup;
			children = (
				308BA9082AE9688C0088F91B /* ObservationView.swift */,
				308BA9062AE968000088F91B /* Book.swift */,
			);
			path = Observation;
			sourceTree = "<group>";
		};
		308BA90B2AE976490088F91B /* ObservationMechanism */ = {
			isa = PBXGroup;
			children = (
				308BA90C2AE976C50088F91B /* BookAccountViewController.swift */,
				308BA90E2AE976FA0088F91B /* BookAccount.swift */,
			);
			path = ObservationMechanism;
			sourceTree = "<group>";
		};
/* End PBXGroup section */

/* Begin PBXNativeTarget section */
		308BA8DB2AE959810088F91B /* Chapter1 */ = {
			isa = PBXNativeTarget;
			buildConfigurationList = 308BA8EA2AE959820088F91B /* Build configuration list for PBXNativeTarget "Chapter1" */;
			buildPhases = (
				308BA8D82AE959810088F91B /* Sources */,
				308BA8D92AE959810088F91B /* Frameworks */,
				308BA8DA2AE959810088F91B /* Resources */,
			);
			buildRules = (
			);
			dependencies = (
			);
			name = Chapter1;
			productName = Chapter1;
			productReference = 308BA8DC2AE959810088F91B /* Chapter1.app */;
			productType = "com.apple.product-type.application";
		};
/* End PBXNativeTarget section */

/* Begin PBXProject section */
		308BA8D42AE959810088F91B /* Project object */ = {
			isa = PBXProject;
			attributes = {
				BuildIndependentTargetsInParallel = 1;
				LastSwiftUpdateCheck = 1500;
				LastUpgradeCheck = 1500;
				TargetAttributes = {
					308BA8DB2AE959810088F91B = {
						CreatedOnToolsVersion = 15.0;
					};
				};
			};
			buildConfigurationList = 308BA8D72AE959810088F91B /* Build configuration list for PBXProject "Chapter1" */;
			compatibilityVersion = "Xcode 14.0";
			developmentRegion = en;
			hasScannedForEncodings = 0;
			knownRegions = (
				en,
				Base,
			);
			mainGroup = 308BA8D32AE959810088F91B;
			productRefGroup = 308BA8DD2AE959810088F91B /* Products */;
			projectDirPath = "";
			projectRoot = "";
			targets = (
				308BA8DB2AE959810088F91B /* Chapter1 */,
			);
		};
/* End PBXProject section */

/* Begin PBXResourcesBuildPhase section */
		308BA8DA2AE959810088F91B /* Resources */ = {
			isa = PBXResourcesBuildPhase;
			buildActionMask = 2147483647;
			files = (
				308BA8F72AE95AD20088F91B /* Preview Content in Resources */,
				308BA8F52AE95ACB0088F91B /* Assets.xcassets in Resources */,
			);
			runOnlyForDeploymentPostprocessing = 0;
		};
/* End PBXResourcesBuildPhase section */

/* Begin PBXSourcesBuildPhase section */
		308BA8D82AE959810088F91B /* Sources */ = {
			isa = PBXSourcesBuildPhase;
			buildActionMask = 2147483647;
			files = (
				308BA9092AE9688C0088F91B /* ObservationView.swift in Sources */,
				308BA90D2AE976C50088F91B /* BookAccountViewController.swift in Sources */,
				308BA9032AE95D4A0088F91B /* BookModel.swift in Sources */,
				308BA9012AE95CDE0088F91B /* KVOViewController.swift in Sources */,
				308BA90F2AE976FA0088F91B /* BookAccount.swift in Sources */,
				308BA9072AE968000088F91B /* Book.swift in Sources */,
				308BA8FC2AE95C7D0088F91B /* ObservableObjectView.swift in Sources */,
				308BA8F92AE95C210088F91B /* BookObjectObserve.swift in Sources */,
				308BA8F22AE95AB90088F91B /* Chapter1App.swift in Sources */,
				308BA8F32AE95AB90088F91B /* ContentView.swift in Sources */,
			);
			runOnlyForDeploymentPostprocessing = 0;
		};
/* End PBXSourcesBuildPhase section */

/* Begin XCBuildConfiguration section */
		308BA8E82AE959820088F91B /* Debug */ = {
			isa = XCBuildConfiguration;
			buildSettings = {
				ALWAYS_SEARCH_USER_PATHS = NO;
				ASSETCATALOG_COMPILER_GENERATE_SWIFT_ASSET_SYMBOL_EXTENSIONS = YES;
				CLANG_ANALYZER_NONNULL = YES;
				CLANG_ANALYZER_NUMBER_OBJECT_CONVERSION = YES_AGGRESSIVE;
				CLANG_CXX_LANGUAGE_STANDARD = "gnu++20";
				CLANG_ENABLE_MODULES = YES;
				CLANG_ENABLE_OBJC_ARC = YES;
				CLANG_ENABLE_OBJC_WEAK = YES;
				CLANG_WARN_BLOCK_CAPTURE_AUTORELEASING = YES;
				CLANG_WARN_BOOL_CONVERSION = YES;
				CLANG_WARN_COMMA = YES;
				CLANG_WARN_CONSTANT_CONVERSION = YES;
				CLANG_WARN_DEPRECATED_OBJC_IMPLEMENTATIONS = YES;
				CLANG_WARN_DIRECT_OBJC_ISA_USAGE = YES_ERROR;
				CLANG_WARN_DOCUMENTATION_COMMENTS = YES;
				CLANG_WARN_EMPTY_BODY = YES;
				CLANG_WARN_ENUM_CONVERSION = YES;
				CLANG_WARN_INFINITE_RECURSION = YES;
				CLANG_WARN_INT_CONVERSION = YES;
				CLANG_WARN_NON_LITERAL_NULL_CONVERSION = YES;
				CLANG_WARN_OBJC_IMPLICIT_RETAIN_SELF = YES;
				CLANG_WARN_OBJC_LITERAL_CONVERSION = YES;
				CLANG_WARN_OBJC_ROOT_CLASS = YES_ERROR;
				CLANG_WARN_QUOTED_INCLUDE_IN_FRAMEWORK_HEADER = YES;
				CLANG_WARN_RANGE_LOOP_ANALYSIS = YES;
				CLANG_WARN_STRICT_PROTOTYPES = YES;
				CLANG_WARN_SUSPICIOUS_MOVE = YES;
				CLANG_WARN_UNGUARDED_AVAILABILITY = YES_AGGRESSIVE;
				CLANG_WARN_UNREACHABLE_CODE = YES;
				CLANG_WARN__DUPLICATE_METHOD_MATCH = YES;
				COPY_PHASE_STRIP = NO;
				DEBUG_INFORMATION_FORMAT = dwarf;
				ENABLE_STRICT_OBJC_MSGSEND = YES;
				ENABLE_TESTABILITY = YES;
				ENABLE_USER_SCRIPT_SANDBOXING = YES;
				GCC_C_LANGUAGE_STANDARD = gnu17;
				GCC_DYNAMIC_NO_PIC = NO;
				GCC_NO_COMMON_BLOCKS = YES;
				GCC_OPTIMIZATION_LEVEL = 0;
				GCC_PREPROCESSOR_DEFINITIONS = (
					"DEBUG=1",
					"$(inherited)",
				);
				GCC_WARN_64_TO_32_BIT_CONVERSION = YES;
				GCC_WARN_ABOUT_RETURN_TYPE = YES_ERROR;
				GCC_WARN_UNDECLARED_SELECTOR = YES;
				GCC_WARN_UNINITIALIZED_AUTOS = YES_AGGRESSIVE;
				GCC_WARN_UNUSED_FUNCTION = YES;
				GCC_WARN_UNUSED_VARIABLE = YES;
				IPHONEOS_DEPLOYMENT_TARGET = 17.0;
				LOCALIZATION_PREFERS_STRING_CATALOGS = YES;
				MTL_ENABLE_DEBUG_INFO = INCLUDE_SOURCE;
				MTL_FAST_MATH = YES;
				ONLY_ACTIVE_ARCH = YES;
				SDKROOT = iphoneos;
				SWIFT_ACTIVE_COMPILATION_CONDITIONS = "DEBUG $(inherited)";
				SWIFT_OPTIMIZATION_LEVEL = "-Onone";
			};
			name = Debug;
		};
		308BA8E92AE959820088F91B /* Release */ = {
			isa = XCBuildConfiguration;
			buildSettings = {
				ALWAYS_SEARCH_USER_PATHS = NO;
				ASSETCATALOG_COMPILER_GENERATE_SWIFT_ASSET_SYMBOL_EXTENSIONS = YES;
				CLANG_ANALYZER_NONNULL = YES;
				CLANG_ANALYZER_NUMBER_OBJECT_CONVERSION = YES_AGGRESSIVE;
				CLANG_CXX_LANGUAGE_STANDARD = "gnu++20";
				CLANG_ENABLE_MODULES = YES;
				CLANG_ENABLE_OBJC_ARC = YES;
				CLANG_ENABLE_OBJC_WEAK = YES;
				CLANG_WARN_BLOCK_CAPTURE_AUTORELEASING = YES;
				CLANG_WARN_BOOL_CONVERSION = YES;
				CLANG_WARN_COMMA = YES;
				CLANG_WARN_CONSTANT_CONVERSION = YES;
				CLANG_WARN_DEPRECATED_OBJC_IMPLEMENTATIONS = YES;
				CLANG_WARN_DIRECT_OBJC_ISA_USAGE = YES_ERROR;
				CLANG_WARN_DOCUMENTATION_COMMENTS = YES;
				CLANG_WARN_EMPTY_BODY = YES;
				CLANG_WARN_ENUM_CONVERSION = YES;
				CLANG_WARN_INFINITE_RECURSION = YES;
				CLANG_WARN_INT_CONVERSION = YES;
				CLANG_WARN_NON_LITERAL_NULL_CONVERSION = YES;
				CLANG_WARN_OBJC_IMPLICIT_RETAIN_SELF = YES;
				CLANG_WARN_OBJC_LITERAL_CONVERSION = YES;
				CLANG_WARN_OBJC_ROOT_CLASS = YES_ERROR;
				CLANG_WARN_QUOTED_INCLUDE_IN_FRAMEWORK_HEADER = YES;
				CLANG_WARN_RANGE_LOOP_ANALYSIS = YES;
				CLANG_WARN_STRICT_PROTOTYPES = YES;
				CLANG_WARN_SUSPICIOUS_MOVE = YES;
				CLANG_WARN_UNGUARDED_AVAILABILITY = YES_AGGRESSIVE;
				CLANG_WARN_UNREACHABLE_CODE = YES;
				CLANG_WARN__DUPLICATE_METHOD_MATCH = YES;
				COPY_PHASE_STRIP = NO;
				DEBUG_INFORMATION_FORMAT = "dwarf-with-dsym";
				ENABLE_NS_ASSERTIONS = NO;
				ENABLE_STRICT_OBJC_MSGSEND = YES;
				ENABLE_USER_SCRIPT_SANDBOXING = YES;
				GCC_C_LANGUAGE_STANDARD = gnu17;
				GCC_NO_COMMON_BLOCKS = YES;
				GCC_WARN_64_TO_32_BIT_CONVERSION = YES;
				GCC_WARN_ABOUT_RETURN_TYPE = YES_ERROR;
				GCC_WARN_UNDECLARED_SELECTOR = YES;
				GCC_WARN_UNINITIALIZED_AUTOS = YES_AGGRESSIVE;
				GCC_WARN_UNUSED_FUNCTION = YES;
				GCC_WARN_UNUSED_VARIABLE = YES;
				IPHONEOS_DEPLOYMENT_TARGET = 17.0;
				LOCALIZATION_PREFERS_STRING_CATALOGS = YES;
				MTL_ENABLE_DEBUG_INFO = NO;
				MTL_FAST_MATH = YES;
				SDKROOT = iphoneos;
				SWIFT_COMPILATION_MODE = wholemodule;
				VALIDATE_PRODUCT = YES;
			};
			name = Release;
		};
		308BA8EB2AE959820088F91B /* Debug */ = {
			isa = XCBuildConfiguration;
			buildSettings = {
				ASSETCATALOG_COMPILER_APPICON_NAME = AppIcon;
				ASSETCATALOG_COMPILER_GLOBAL_ACCENT_COLOR_NAME = AccentColor;
				CODE_SIGN_STYLE = Automatic;
				CURRENT_PROJECT_VERSION = 1;
				DEVELOPMENT_ASSET_PATHS = "\"Preview Content\"";
				DEVELOPMENT_TEAM = WNEUDLL4LF;
				ENABLE_PREVIEWS = YES;
				GENERATE_INFOPLIST_FILE = YES;
				INFOPLIST_KEY_UIApplicationSceneManifest_Generation = YES;
				INFOPLIST_KEY_UIApplicationSupportsIndirectInputEvents = YES;
				INFOPLIST_KEY_UILaunchScreen_Generation = YES;
				INFOPLIST_KEY_UISupportedInterfaceOrientations_iPad = "UIInterfaceOrientationPortrait UIInterfaceOrientationPortraitUpsideDown UIInterfaceOrientationLandscapeLeft UIInterfaceOrientationLandscapeRight";
				INFOPLIST_KEY_UISupportedInterfaceOrientations_iPhone = "UIInterfaceOrientationPortrait UIInterfaceOrientationLandscapeLeft UIInterfaceOrientationLandscapeRight";
				LD_RUNPATH_SEARCH_PATHS = (
					"$(inherited)",
					"@executable_path/Frameworks",
				);
				MARKETING_VERSION = 1.0;
				PRODUCT_BUNDLE_IDENTIFIER = "com.Personal-Factory.Chapter1";
				PRODUCT_NAME = "$(TARGET_NAME)";
				SWIFT_EMIT_LOC_STRINGS = YES;
				SWIFT_VERSION = 5.0;
				TARGETED_DEVICE_FAMILY = "1,2";
			};
			name = Debug;
		};
		308BA8EC2AE959820088F91B /* Release */ = {
			isa = XCBuildConfiguration;
			buildSettings = {
				ASSETCATALOG_COMPILER_APPICON_NAME = AppIcon;
				ASSETCATALOG_COMPILER_GLOBAL_ACCENT_COLOR_NAME = AccentColor;
				CODE_SIGN_STYLE = Automatic;
				CURRENT_PROJECT_VERSION = 1;
				DEVELOPMENT_ASSET_PATHS = "\"Preview Content\"";
				DEVELOPMENT_TEAM = WNEUDLL4LF;
				ENABLE_PREVIEWS = YES;
				GENERATE_INFOPLIST_FILE = YES;
				INFOPLIST_KEY_UIApplicationSceneManifest_Generation = YES;
				INFOPLIST_KEY_UIApplicationSupportsIndirectInputEvents = YES;
				INFOPLIST_KEY_UILaunchScreen_Generation = YES;
				INFOPLIST_KEY_UISupportedInterfaceOrientations_iPad = "UIInterfaceOrientationPortrait UIInterfaceOrientationPortraitUpsideDown UIInterfaceOrientationLandscapeLeft UIInterfaceOrientationLandscapeRight";
				INFOPLIST_KEY_UISupportedInterfaceOrientations_iPhone = "UIInterfaceOrientationPortrait UIInterfaceOrientationLandscapeLeft UIInterfaceOrientationLandscapeRight";
				LD_RUNPATH_SEARCH_PATHS = (
					"$(inherited)",
					"@executable_path/Frameworks",
				);
				MARKETING_VERSION = 1.0;
				PRODUCT_BUNDLE_IDENTIFIER = "com.Personal-Factory.Chapter1";
				PRODUCT_NAME = "$(TARGET_NAME)";
				SWIFT_EMIT_LOC_STRINGS = YES;
				SWIFT_VERSION = 5.0;
				TARGETED_DEVICE_FAMILY = "1,2";
			};
			name = Release;
		};
/* End XCBuildConfiguration section */

/* Begin XCConfigurationList section */
		308BA8D72AE959810088F91B /* Build configuration list for PBXProject "Chapter1" */ = {
			isa = XCConfigurationList;
			buildConfigurations = (
				308BA8E82AE959820088F91B /* Debug */,
				308BA8E92AE959820088F91B /* Release */,
			);
			defaultConfigurationIsVisible = 0;
			defaultConfigurationName = Release;
		};
		308BA8EA2AE959820088F91B /* Build configuration list for PBXNativeTarget "Chapter1" */ = {
			isa = XCConfigurationList;
			buildConfigurations = (
				308BA8EB2AE959820088F91B /* Debug */,
				308BA8EC2AE959820088F91B /* Release */,
			);
			defaultConfigurationIsVisible = 0;
			defaultConfigurationName = Release;
		};
/* End XCConfigurationList section */
	};
	rootObject = 308BA8D42AE959810088F91B /* Project object */;
}
