// !$*UTF8*$!
{
	archiveVersion = 1;
	classes = {
	};
	objectVersion = 56;
	objects = {

/* Begin PBXBuildFile section */
		304C74932AF6592100DDA7D1 /* Chapter2App.swift in Sources */ = {isa = PBXBuildFile; fileRef = 304C74922AF6592100DDA7D1 /* Chapter2App.swift */; };
		304C74952AF6592100DDA7D1 /* ContentView.swift in Sources */ = {isa = PBXBuildFile; fileRef = 304C74942AF6592100DDA7D1 /* ContentView.swift */; };
		304C74972AF6592300DDA7D1 /* Assets.xcassets in Resources */ = {isa = PBXBuildFile; fileRef = 304C74962AF6592300DDA7D1 /* Assets.xcassets */; };
		304C749A2AF6592300DDA7D1 /* Preview Assets.xcassets in Resources */ = {isa = PBXBuildFile; fileRef = 304C74992AF6592300DDA7D1 /* Preview Assets.xcassets */; };
		304C74A42AF65A3900DDA7D1 /* ObservableObjectParentView.swift in Sources */ = {isa = PBXBuildFile; fileRef = 304C74A32AF65A3900DDA7D1 /* ObservableObjectParentView.swift */; };
		304C74A82AF65A7400DDA7D1 /* BookAccountObject.swift in Sources */ = {isa = PBXBuildFile; fileRef = 304C74A72AF65A7400DDA7D1 /* BookAccountObject.swift */; };
		304C74AA2AF6782500DDA7D1 /* BookAccount.swift in Sources */ = {isa = PBXBuildFile; fileRef = 304C74A92AF6782500DDA7D1 /* BookAccount.swift */; };
		304C74AD2AF6786F00DDA7D1 /* BindingView.swift in Sources */ = {isa = PBXBuildFile; fileRef = 304C74AC2AF6786F00DDA7D1 /* BindingView.swift */; };
		304C74AF2AF67D0600DDA7D1 /* NovelObject.swift in Sources */ = {isa = PBXBuildFile; fileRef = 304C74AE2AF67D0600DDA7D1 /* NovelObject.swift */; };
		304C74B12AF67D8200DDA7D1 /* NovelView.swift in Sources */ = {isa = PBXBuildFile; fileRef = 304C74B02AF67D8200DDA7D1 /* NovelView.swift */; };
		304C74B32AF782C200DDA7D1 /* ObservationUsage.swift in Sources */ = {isa = PBXBuildFile; fileRef = 304C74B22AF782C200DDA7D1 /* ObservationUsage.swift */; };
		304C74B62AF7E15700DDA7D1 /* WillSetDidSetObservableObjectView.swift in Sources */ = {isa = PBXBuildFile; fileRef = 304C74B52AF7E15700DDA7D1 /* WillSetDidSetObservableObjectView.swift */; };
		304C74B82AF7E44700DDA7D1 /* WillSetDidSetObservable.swift in Sources */ = {isa = PBXBuildFile; fileRef = 304C74B72AF7E44700DDA7D1 /* WillSetDidSetObservable.swift */; };
		304C74BC2AF7EFAE00DDA7D1 /* PropertyWrappersObservableView.swift in Sources */ = {isa = PBXBuildFile; fileRef = 304C74BB2AF7EFAE00DDA7D1 /* PropertyWrappersObservableView.swift */; };
/* End PBXBuildFile section */

/* Begin PBXFileReference section */
		304C748F2AF6592100DDA7D1 /* Chapter2.app */ = {isa = PBXFileReference; explicitFileType = wrapper.application; includeInIndex = 0; path = Chapter2.app; sourceTree = BUILT_PRODUCTS_DIR; };
		304C74922AF6592100DDA7D1 /* Chapter2App.swift */ = {isa = PBXFileReference; lastKnownFileType = sourcecode.swift; path = Chapter2App.swift; sourceTree = "<group>"; };
		304C74942AF6592100DDA7D1 /* ContentView.swift */ = {isa = PBXFileReference; lastKnownFileType = sourcecode.swift; path = ContentView.swift; sourceTree = "<group>"; };
		304C74962AF6592300DDA7D1 /* Assets.xcassets */ = {isa = PBXFileReference; lastKnownFileType = folder.assetcatalog; path = Assets.xcassets; sourceTree = "<group>"; };
		304C74992AF6592300DDA7D1 /* Preview Assets.xcassets */ = {isa = PBXFileReference; lastKnownFileType = folder.assetcatalog; path = "Preview Assets.xcassets"; sourceTree = "<group>"; };
		304C74A32AF65A3900DDA7D1 /* ObservableObjectParentView.swift */ = {isa = PBXFileReference; lastKnownFileType = sourcecode.swift; path = ObservableObjectParentView.swift; sourceTree = "<group>"; };
		304C74A72AF65A7400DDA7D1 /* BookAccountObject.swift */ = {isa = PBXFileReference; lastKnownFileType = sourcecode.swift; path = BookAccountObject.swift; sourceTree = "<group>"; };
		304C74A92AF6782500DDA7D1 /* BookAccount.swift */ = {isa = PBXFileReference; lastKnownFileType = sourcecode.swift; path = BookAccount.swift; sourceTree = "<group>"; };
		304C74AC2AF6786F00DDA7D1 /* BindingView.swift */ = {isa = PBXFileReference; lastKnownFileType = sourcecode.swift; path = BindingView.swift; sourceTree = "<group>"; };
		304C74AE2AF67D0600DDA7D1 /* NovelObject.swift */ = {isa = PBXFileReference; lastKnownFileType = sourcecode.swift; path = NovelObject.swift; sourceTree = "<group>"; };
		304C74B02AF67D8200DDA7D1 /* NovelView.swift */ = {isa = PBXFileReference; lastKnownFileType = sourcecode.swift; path = NovelView.swift; sourceTree = "<group>"; };
		304C74B22AF782C200DDA7D1 /* ObservationUsage.swift */ = {isa = PBXFileReference; lastKnownFileType = sourcecode.swift; path = ObservationUsage.swift; sourceTree = "<group>"; };
		304C74B52AF7E15700DDA7D1 /* WillSetDidSetObservableObjectView.swift */ = {isa = PBXFileReference; lastKnownFileType = sourcecode.swift; path = WillSetDidSetObservableObjectView.swift; sourceTree = "<group>"; };
		304C74B72AF7E44700DDA7D1 /* WillSetDidSetObservable.swift */ = {isa = PBXFileReference; lastKnownFileType = sourcecode.swift; path = WillSetDidSetObservable.swift; sourceTree = "<group>"; };
		304C74BB2AF7EFAE00DDA7D1 /* PropertyWrappersObservableView.swift */ = {isa = PBXFileReference; lastKnownFileType = sourcecode.swift; path = PropertyWrappersObservableView.swift; sourceTree = "<group>"; };
/* End PBXFileReference section */

/* Begin PBXFrameworksBuildPhase section */
		304C748C2AF6592100DDA7D1 /* Frameworks */ = {
			isa = PBXFrameworksBuildPhase;
			buildActionMask = 2147483647;
			files = (
			);
			runOnlyForDeploymentPostprocessing = 0;
		};
/* End PBXFrameworksBuildPhase section */

/* Begin PBXGroup section */
		304C74862AF6592100DDA7D1 = {
			isa = PBXGroup;
			children = (
				304C74912AF6592100DDA7D1 /* Chapter2 */,
				304C74902AF6592100DDA7D1 /* Products */,
			);
			sourceTree = "<group>";
		};
		304C74902AF6592100DDA7D1 /* Products */ = {
			isa = PBXGroup;
			children = (
				304C748F2AF6592100DDA7D1 /* Chapter2.app */,
			);
			name = Products;
			sourceTree = "<group>";
		};
		304C74912AF6592100DDA7D1 /* Chapter2 */ = {
			isa = PBXGroup;
			children = (
				304C74A02AF6595E00DDA7D1 /* App */,
				304C74B92AF7E57500DDA7D1 /* AvaliableTypes */,
				304C74B42AF7E11100DDA7D1 /* WillSetDidSet */,
				304C74BA2AF7EF8800DDA7D1 /* PropertyWrappers */,
				304C74A12AF659E800DDA7D1 /* ObservableObject */,
				304C74A22AF65A0200DDA7D1 /* Observation */,
				304C74962AF6592300DDA7D1 /* Assets.xcassets */,
				304C74982AF6592300DDA7D1 /* Preview Content */,
			);
			path = Chapter2;
			sourceTree = "<group>";
		};
		304C74982AF6592300DDA7D1 /* Preview Content */ = {
			isa = PBXGroup;
			children = (
				304C74992AF6592300DDA7D1 /* Preview Assets.xcassets */,
			);
			path = "Preview Content";
			sourceTree = "<group>";
		};
		304C74A02AF6595E00DDA7D1 /* App */ = {
			isa = PBXGroup;
			children = (
				304C74922AF6592100DDA7D1 /* Chapter2App.swift */,
				304C74942AF6592100DDA7D1 /* ContentView.swift */,
			);
			path = App;
			sourceTree = "<group>";
		};
		304C74A12AF659E800DDA7D1 /* ObservableObject */ = {
			isa = PBXGroup;
			children = (
				304C74A52AF65A4700DDA7D1 /* Binding */,
				304C74A62AF65A4E00DDA7D1 /* SubClass */,
				304C74A72AF65A7400DDA7D1 /* BookAccountObject.swift */,
				304C74AE2AF67D0600DDA7D1 /* NovelObject.swift */,
			);
			path = ObservableObject;
			sourceTree = "<group>";
		};
		304C74A22AF65A0200DDA7D1 /* Observation */ = {
			isa = PBXGroup;
			children = (
				304C74AB2AF6785E00DDA7D1 /* Binding */,
				304C74A92AF6782500DDA7D1 /* BookAccount.swift */,
			);
			path = Observation;
			sourceTree = "<group>";
		};
		304C74A52AF65A4700DDA7D1 /* Binding */ = {
			isa = PBXGroup;
			children = (
				304C74A32AF65A3900DDA7D1 /* ObservableObjectParentView.swift */,
			);
			path = Binding;
			sourceTree = "<group>";
		};
		304C74A62AF65A4E00DDA7D1 /* SubClass */ = {
			isa = PBXGroup;
			children = (
				304C74B02AF67D8200DDA7D1 /* NovelView.swift */,
			);
			path = SubClass;
			sourceTree = "<group>";
		};
		304C74AB2AF6785E00DDA7D1 /* Binding */ = {
			isa = PBXGroup;
			children = (
				304C74AC2AF6786F00DDA7D1 /* BindingView.swift */,
			);
			path = Binding;
			sourceTree = "<group>";
		};
		304C74B42AF7E11100DDA7D1 /* WillSetDidSet */ = {
			isa = PBXGroup;
			children = (
				304C74B52AF7E15700DDA7D1 /* WillSetDidSetObservableObjectView.swift */,
				304C74B72AF7E44700DDA7D1 /* WillSetDidSetObservable.swift */,
			);
			path = WillSetDidSet;
			sourceTree = "<group>";
		};
		304C74B92AF7E57500DDA7D1 /* AvaliableTypes */ = {
			isa = PBXGroup;
			children = (
				304C74B22AF782C200DDA7D1 /* ObservationUsage.swift */,
			);
			path = AvaliableTypes;
			sourceTree = "<group>";
		};
		304C74BA2AF7EF8800DDA7D1 /* PropertyWrappers */ = {
			isa = PBXGroup;
			children = (
				304C74BB2AF7EFAE00DDA7D1 /* PropertyWrappersObservableView.swift */,
			);
			path = PropertyWrappers;
			sourceTree = "<group>";
		};
/* End PBXGroup section */

/* Begin PBXNativeTarget section */
		304C748E2AF6592100DDA7D1 /* Chapter2 */ = {
			isa = PBXNativeTarget;
			buildConfigurationList = 304C749D2AF6592300DDA7D1 /* Build configuration list for PBXNativeTarget "Chapter2" */;
			buildPhases = (
				304C748B2AF6592100DDA7D1 /* Sources */,
				304C748C2AF6592100DDA7D1 /* Frameworks */,
				304C748D2AF6592100DDA7D1 /* Resources */,
			);
			buildRules = (
			);
			dependencies = (
			);
			name = Chapter2;
			productName = Chapter2;
			productReference = 304C748F2AF6592100DDA7D1 /* Chapter2.app */;
			productType = "com.apple.product-type.application";
		};
/* End PBXNativeTarget section */

/* Begin PBXProject section */
		304C74872AF6592100DDA7D1 /* Project object */ = {
			isa = PBXProject;
			attributes = {
				BuildIndependentTargetsInParallel = 1;
				LastSwiftUpdateCheck = 1500;
				LastUpgradeCheck = 1500;
				TargetAttributes = {
					304C748E2AF6592100DDA7D1 = {
						CreatedOnToolsVersion = 15.0;
					};
				};
			};
			buildConfigurationList = 304C748A2AF6592100DDA7D1 /* Build configuration list for PBXProject "Chapter2" */;
			compatibilityVersion = "Xcode 14.0";
			developmentRegion = en;
			hasScannedForEncodings = 0;
			knownRegions = (
				en,
				Base,
			);
			mainGroup = 304C74862AF6592100DDA7D1;
			productRefGroup = 304C74902AF6592100DDA7D1 /* Products */;
			projectDirPath = "";
			projectRoot = "";
			targets = (
				304C748E2AF6592100DDA7D1 /* Chapter2 */,
			);
		};
/* End PBXProject section */

/* Begin PBXResourcesBuildPhase section */
		304C748D2AF6592100DDA7D1 /* Resources */ = {
			isa = PBXResourcesBuildPhase;
			buildActionMask = 2147483647;
			files = (
				304C749A2AF6592300DDA7D1 /* Preview Assets.xcassets in Resources */,
				304C74972AF6592300DDA7D1 /* Assets.xcassets in Resources */,
			);
			runOnlyForDeploymentPostprocessing = 0;
		};
/* End PBXResourcesBuildPhase section */

/* Begin PBXSourcesBuildPhase section */
		304C748B2AF6592100DDA7D1 /* Sources */ = {
			isa = PBXSourcesBuildPhase;
			buildActionMask = 2147483647;
			files = (
				304C74B62AF7E15700DDA7D1 /* WillSetDidSetObservableObjectView.swift in Sources */,
				304C74952AF6592100DDA7D1 /* ContentView.swift in Sources */,
				304C74B12AF67D8200DDA7D1 /* NovelView.swift in Sources */,
				304C74A82AF65A7400DDA7D1 /* BookAccountObject.swift in Sources */,
				304C74AF2AF67D0600DDA7D1 /* NovelObject.swift in Sources */,
				304C74B82AF7E44700DDA7D1 /* WillSetDidSetObservable.swift in Sources */,
				304C74B32AF782C200DDA7D1 /* ObservationUsage.swift in Sources */,
				304C74AD2AF6786F00DDA7D1 /* BindingView.swift in Sources */,
				304C74BC2AF7EFAE00DDA7D1 /* PropertyWrappersObservableView.swift in Sources */,
				304C74932AF6592100DDA7D1 /* Chapter2App.swift in Sources */,
				304C74A42AF65A3900DDA7D1 /* ObservableObjectParentView.swift in Sources */,
				304C74AA2AF6782500DDA7D1 /* BookAccount.swift in Sources */,
			);
			runOnlyForDeploymentPostprocessing = 0;
		};
/* End PBXSourcesBuildPhase section */

/* Begin XCBuildConfiguration section */
		304C749B2AF6592300DDA7D1 /* Debug */ = {
			isa = XCBuildConfiguration;
			buildSettings = {
				ALWAYS_SEARCH_USER_PATHS = NO;
				ASSETCATALOG_COMPILER_GENERATE_SWIFT_ASSET_SYMBOL_EXTENSIONS = YES;
				CLANG_ANALYZER_NONNULL = YES;
				CLANG_ANALYZER_NUMBER_OBJECT_CONVERSION = YES_AGGRESSIVE;
				CLANG_CXX_LANGUAGE_STANDARD = "gnu++20";
				CLANG_ENABLE_MODULES = YES;
				CLANG_ENABLE_OBJC_ARC = YES;
				CLANG_ENABLE_OBJC_WEAK = YES;
				CLANG_WARN_BLOCK_CAPTURE_AUTORELEASING = YES;
				CLANG_WARN_BOOL_CONVERSION = YES;
				CLANG_WARN_COMMA = YES;
				CLANG_WARN_CONSTANT_CONVERSION = YES;
				CLANG_WARN_DEPRECATED_OBJC_IMPLEMENTATIONS = YES;
				CLANG_WARN_DIRECT_OBJC_ISA_USAGE = YES_ERROR;
				CLANG_WARN_DOCUMENTATION_COMMENTS = YES;
				CLANG_WARN_EMPTY_BODY = YES;
				CLANG_WARN_ENUM_CONVERSION = YES;
				CLANG_WARN_INFINITE_RECURSION = YES;
				CLANG_WARN_INT_CONVERSION = YES;
				CLANG_WARN_NON_LITERAL_NULL_CONVERSION = YES;
				CLANG_WARN_OBJC_IMPLICIT_RETAIN_SELF = YES;
				CLANG_WARN_OBJC_LITERAL_CONVERSION = YES;
				CLANG_WARN_OBJC_ROOT_CLASS = YES_ERROR;
				CLANG_WARN_QUOTED_INCLUDE_IN_FRAMEWORK_HEADER = YES;
				CLANG_WARN_RANGE_LOOP_ANALYSIS = YES;
				CLANG_WARN_STRICT_PROTOTYPES = YES;
				CLANG_WARN_SUSPICIOUS_MOVE = YES;
				CLANG_WARN_UNGUARDED_AVAILABILITY = YES_AGGRESSIVE;
				CLANG_WARN_UNREACHABLE_CODE = YES;
				CLANG_WARN__DUPLICATE_METHOD_MATCH = YES;
				COPY_PHASE_STRIP = NO;
				DEBUG_INFORMATION_FORMAT = dwarf;
				ENABLE_STRICT_OBJC_MSGSEND = YES;
				ENABLE_TESTABILITY = YES;
				ENABLE_USER_SCRIPT_SANDBOXING = YES;
				GCC_C_LANGUAGE_STANDARD = gnu17;
				GCC_DYNAMIC_NO_PIC = NO;
				GCC_NO_COMMON_BLOCKS = YES;
				GCC_OPTIMIZATION_LEVEL = 0;
				GCC_PREPROCESSOR_DEFINITIONS = (
					"DEBUG=1",
					"$(inherited)",
				);
				GCC_WARN_64_TO_32_BIT_CONVERSION = YES;
				GCC_WARN_ABOUT_RETURN_TYPE = YES_ERROR;
				GCC_WARN_UNDECLARED_SELECTOR = YES;
				GCC_WARN_UNINITIALIZED_AUTOS = YES_AGGRESSIVE;
				GCC_WARN_UNUSED_FUNCTION = YES;
				GCC_WARN_UNUSED_VARIABLE = YES;
				IPHONEOS_DEPLOYMENT_TARGET = 17.0;
				LOCALIZATION_PREFERS_STRING_CATALOGS = YES;
				MTL_ENABLE_DEBUG_INFO = INCLUDE_SOURCE;
				MTL_FAST_MATH = YES;
				ONLY_ACTIVE_ARCH = YES;
				SDKROOT = iphoneos;
				SWIFT_ACTIVE_COMPILATION_CONDITIONS = "DEBUG $(inherited)";
				SWIFT_OPTIMIZATION_LEVEL = "-Onone";
			};
			name = Debug;
		};
		304C749C2AF6592300DDA7D1 /* Release */ = {
			isa = XCBuildConfiguration;
			buildSettings = {
				ALWAYS_SEARCH_USER_PATHS = NO;
				ASSETCATALOG_COMPILER_GENERATE_SWIFT_ASSET_SYMBOL_EXTENSIONS = YES;
				CLANG_ANALYZER_NONNULL = YES;
				CLANG_ANALYZER_NUMBER_OBJECT_CONVERSION = YES_AGGRESSIVE;
				CLANG_CXX_LANGUAGE_STANDARD = "gnu++20";
				CLANG_ENABLE_MODULES = YES;
				CLANG_ENABLE_OBJC_ARC = YES;
				CLANG_ENABLE_OBJC_WEAK = YES;
				CLANG_WARN_BLOCK_CAPTURE_AUTORELEASING = YES;
				CLANG_WARN_BOOL_CONVERSION = YES;
				CLANG_WARN_COMMA = YES;
				CLANG_WARN_CONSTANT_CONVERSION = YES;
				CLANG_WARN_DEPRECATED_OBJC_IMPLEMENTATIONS = YES;
				CLANG_WARN_DIRECT_OBJC_ISA_USAGE = YES_ERROR;
				CLANG_WARN_DOCUMENTATION_COMMENTS = YES;
				CLANG_WARN_EMPTY_BODY = YES;
				CLANG_WARN_ENUM_CONVERSION = YES;
				CLANG_WARN_INFINITE_RECURSION = YES;
				CLANG_WARN_INT_CONVERSION = YES;
				CLANG_WARN_NON_LITERAL_NULL_CONVERSION = YES;
				CLANG_WARN_OBJC_IMPLICIT_RETAIN_SELF = YES;
				CLANG_WARN_OBJC_LITERAL_CONVERSION = YES;
				CLANG_WARN_OBJC_ROOT_CLASS = YES_ERROR;
				CLANG_WARN_QUOTED_INCLUDE_IN_FRAMEWORK_HEADER = YES;
				CLANG_WARN_RANGE_LOOP_ANALYSIS = YES;
				CLANG_WARN_STRICT_PROTOTYPES = YES;
				CLANG_WARN_SUSPICIOUS_MOVE = YES;
				CLANG_WARN_UNGUARDED_AVAILABILITY = YES_AGGRESSIVE;
				CLANG_WARN_UNREACHABLE_CODE = YES;
				CLANG_WARN__DUPLICATE_METHOD_MATCH = YES;
				COPY_PHASE_STRIP = NO;
				DEBUG_INFORMATION_FORMAT = "dwarf-with-dsym";
				ENABLE_NS_ASSERTIONS = NO;
				ENABLE_STRICT_OBJC_MSGSEND = YES;
				ENABLE_USER_SCRIPT_SANDBOXING = YES;
				GCC_C_LANGUAGE_STANDARD = gnu17;
				GCC_NO_COMMON_BLOCKS = YES;
				GCC_WARN_64_TO_32_BIT_CONVERSION = YES;
				GCC_WARN_ABOUT_RETURN_TYPE = YES_ERROR;
				GCC_WARN_UNDECLARED_SELECTOR = YES;
				GCC_WARN_UNINITIALIZED_AUTOS = YES_AGGRESSIVE;
				GCC_WARN_UNUSED_FUNCTION = YES;
				GCC_WARN_UNUSED_VARIABLE = YES;
				IPHONEOS_DEPLOYMENT_TARGET = 17.0;
				LOCALIZATION_PREFERS_STRING_CATALOGS = YES;
				MTL_ENABLE_DEBUG_INFO = NO;
				MTL_FAST_MATH = YES;
				SDKROOT = iphoneos;
				SWIFT_COMPILATION_MODE = wholemodule;
				VALIDATE_PRODUCT = YES;
			};
			name = Release;
		};
		304C749E2AF6592300DDA7D1 /* Debug */ = {
			isa = XCBuildConfiguration;
			buildSettings = {
				ASSETCATALOG_COMPILER_APPICON_NAME = AppIcon;
				ASSETCATALOG_COMPILER_GLOBAL_ACCENT_COLOR_NAME = AccentColor;
				CODE_SIGN_STYLE = Automatic;
				CURRENT_PROJECT_VERSION = 1;
				DEVELOPMENT_ASSET_PATHS = "\"Chapter2/Preview Content\"";
				DEVELOPMENT_TEAM = WNEUDLL4LF;
				ENABLE_PREVIEWS = YES;
				GENERATE_INFOPLIST_FILE = YES;
				INFOPLIST_KEY_UIApplicationSceneManifest_Generation = YES;
				INFOPLIST_KEY_UIApplicationSupportsIndirectInputEvents = YES;
				INFOPLIST_KEY_UILaunchScreen_Generation = YES;
				INFOPLIST_KEY_UISupportedInterfaceOrientations_iPad = "UIInterfaceOrientationPortrait UIInterfaceOrientationPortraitUpsideDown UIInterfaceOrientationLandscapeLeft UIInterfaceOrientationLandscapeRight";
				INFOPLIST_KEY_UISupportedInterfaceOrientations_iPhone = "UIInterfaceOrientationPortrait UIInterfaceOrientationLandscapeLeft UIInterfaceOrientationLandscapeRight";
				LD_RUNPATH_SEARCH_PATHS = (
					"$(inherited)",
					"@executable_path/Frameworks",
				);
				MARKETING_VERSION = 1.0;
				PRODUCT_BUNDLE_IDENTIFIER = "com.Personal-Factory.Chapter2";
				PRODUCT_NAME = "$(TARGET_NAME)";
				SWIFT_EMIT_LOC_STRINGS = YES;
				SWIFT_VERSION = 5.0;
				TARGETED_DEVICE_FAMILY = "1,2";
			};
			name = Debug;
		};
		304C749F2AF6592300DDA7D1 /* Release */ = {
			isa = XCBuildConfiguration;
			buildSettings = {
				ASSETCATALOG_COMPILER_APPICON_NAME = AppIcon;
				ASSETCATALOG_COMPILER_GLOBAL_ACCENT_COLOR_NAME = AccentColor;
				CODE_SIGN_STYLE = Automatic;
				CURRENT_PROJECT_VERSION = 1;
				DEVELOPMENT_ASSET_PATHS = "\"Chapter2/Preview Content\"";
				DEVELOPMENT_TEAM = WNEUDLL4LF;
				ENABLE_PREVIEWS = YES;
				GENERATE_INFOPLIST_FILE = YES;
				INFOPLIST_KEY_UIApplicationSceneManifest_Generation = YES;
				INFOPLIST_KEY_UIApplicationSupportsIndirectInputEvents = YES;
				INFOPLIST_KEY_UILaunchScreen_Generation = YES;
				INFOPLIST_KEY_UISupportedInterfaceOrientations_iPad = "UIInterfaceOrientationPortrait UIInterfaceOrientationPortraitUpsideDown UIInterfaceOrientationLandscapeLeft UIInterfaceOrientationLandscapeRight";
				INFOPLIST_KEY_UISupportedInterfaceOrientations_iPhone = "UIInterfaceOrientationPortrait UIInterfaceOrientationLandscapeLeft UIInterfaceOrientationLandscapeRight";
				LD_RUNPATH_SEARCH_PATHS = (
					"$(inherited)",
					"@executable_path/Frameworks",
				);
				MARKETING_VERSION = 1.0;
				PRODUCT_BUNDLE_IDENTIFIER = "com.Personal-Factory.Chapter2";
				PRODUCT_NAME = "$(TARGET_NAME)";
				SWIFT_EMIT_LOC_STRINGS = YES;
				SWIFT_VERSION = 5.0;
				TARGETED_DEVICE_FAMILY = "1,2";
			};
			name = Release;
		};
/* End XCBuildConfiguration section */

/* Begin XCConfigurationList section */
		304C748A2AF6592100DDA7D1 /* Build configuration list for PBXProject "Chapter2" */ = {
			isa = XCConfigurationList;
			buildConfigurations = (
				304C749B2AF6592300DDA7D1 /* Debug */,
				304C749C2AF6592300DDA7D1 /* Release */,
			);
			defaultConfigurationIsVisible = 0;
			defaultConfigurationName = Release;
		};
		304C749D2AF6592300DDA7D1 /* Build configuration list for PBXNativeTarget "Chapter2" */ = {
			isa = XCConfigurationList;
			buildConfigurations = (
				304C749E2AF6592300DDA7D1 /* Debug */,
				304C749F2AF6592300DDA7D1 /* Release */,
			);
			defaultConfigurationIsVisible = 0;
			defaultConfigurationName = Release;
		};
/* End XCConfigurationList section */
	};
	rootObject = 304C74872AF6592100DDA7D1 /* Project object */;
}
