// !$*UTF8*$!
{
	archiveVersion = 1;
	classes = {
	};
	objectVersion = 56;
	objects = {

/* Begin PBXBuildFile section */
		30BA92CF2B08F2A800731AB3 /* Chapter4App.swift in Sources */ = {isa = PBXBuildFile; fileRef = 30BA92CE2B08F2A800731AB3 /* Chapter4App.swift */; };
		30BA92D12B08F2A800731AB3 /* ContentView.swift in Sources */ = {isa = PBXBuildFile; fileRef = 30BA92D02B08F2A800731AB3 /* ContentView.swift */; };
		30BA92D32B08F2A900731AB3 /* Assets.xcassets in Resources */ = {isa = PBXBuildFile; fileRef = 30BA92D22B08F2A900731AB3 /* Assets.xcassets */; };
		30BA92D62B08F2A900731AB3 /* Preview Assets.xcassets in Resources */ = {isa = PBXBuildFile; fileRef = 30BA92D52B08F2A900731AB3 /* Preview Assets.xcassets */; };
		30BA92E02B08F2AA00731AB3 /* Chapter4Tests.swift in Sources */ = {isa = PBXBuildFile; fileRef = 30BA92DF2B08F2AA00731AB3 /* Chapter4Tests.swift */; };
		30BA92EA2B08F2AA00731AB3 /* Chapter4UITests.swift in Sources */ = {isa = PBXBuildFile; fileRef = 30BA92E92B08F2AA00731AB3 /* Chapter4UITests.swift */; };
		30BA92EC2B08F2AA00731AB3 /* Chapter4UITestsLaunchTests.swift in Sources */ = {isa = PBXBuildFile; fileRef = 30BA92EB2B08F2AA00731AB3 /* Chapter4UITestsLaunchTests.swift */; };
/* End PBXBuildFile section */

/* Begin PBXContainerItemProxy section */
		30BA92DC2B08F2AA00731AB3 /* PBXContainerItemProxy */ = {
			isa = PBXContainerItemProxy;
			containerPortal = 30BA92C32B08F2A800731AB3 /* Project object */;
			proxyType = 1;
			remoteGlobalIDString = 30BA92CA2B08F2A800731AB3;
			remoteInfo = Chapter4;
		};
		30BA92E62B08F2AA00731AB3 /* PBXContainerItemProxy */ = {
			isa = PBXContainerItemProxy;
			containerPortal = 30BA92C32B08F2A800731AB3 /* Project object */;
			proxyType = 1;
			remoteGlobalIDString = 30BA92CA2B08F2A800731AB3;
			remoteInfo = Chapter4;
		};
/* End PBXContainerItemProxy section */

/* Begin PBXFileReference section */
		30BA92CB2B08F2A800731AB3 /* Chapter4.app */ = {isa = PBXFileReference; explicitFileType = wrapper.application; includeInIndex = 0; path = Chapter4.app; sourceTree = BUILT_PRODUCTS_DIR; };
		30BA92CE2B08F2A800731AB3 /* Chapter4App.swift */ = {isa = PBXFileReference; lastKnownFileType = sourcecode.swift; path = Chapter4App.swift; sourceTree = "<group>"; };
		30BA92D02B08F2A800731AB3 /* ContentView.swift */ = {isa = PBXFileReference; lastKnownFileType = sourcecode.swift; path = ContentView.swift; sourceTree = "<group>"; };
		30BA92D22B08F2A900731AB3 /* Assets.xcassets */ = {isa = PBXFileReference; lastKnownFileType = folder.assetcatalog; path = Assets.xcassets; sourceTree = "<group>"; };
		30BA92D52B08F2A900731AB3 /* Preview Assets.xcassets */ = {isa = PBXFileReference; lastKnownFileType = folder.assetcatalog; path = "Preview Assets.xcassets"; sourceTree = "<group>"; };
		30BA92DB2B08F2AA00731AB3 /* Chapter4Tests.xctest */ = {isa = PBXFileReference; explicitFileType = wrapper.cfbundle; includeInIndex = 0; path = Chapter4Tests.xctest; sourceTree = BUILT_PRODUCTS_DIR; };
		30BA92DF2B08F2AA00731AB3 /* Chapter4Tests.swift */ = {isa = PBXFileReference; lastKnownFileType = sourcecode.swift; path = Chapter4Tests.swift; sourceTree = "<group>"; };
		30BA92E52B08F2AA00731AB3 /* Chapter4UITests.xctest */ = {isa = PBXFileReference; explicitFileType = wrapper.cfbundle; includeInIndex = 0; path = Chapter4UITests.xctest; sourceTree = BUILT_PRODUCTS_DIR; };
		30BA92E92B08F2AA00731AB3 /* Chapter4UITests.swift */ = {isa = PBXFileReference; lastKnownFileType = sourcecode.swift; path = Chapter4UITests.swift; sourceTree = "<group>"; };
		30BA92EB2B08F2AA00731AB3 /* Chapter4UITestsLaunchTests.swift */ = {isa = PBXFileReference; lastKnownFileType = sourcecode.swift; path = Chapter4UITestsLaunchTests.swift; sourceTree = "<group>"; };
/* End PBXFileReference section */

/* Begin PBXFrameworksBuildPhase section */
		30BA92C82B08F2A800731AB3 /* Frameworks */ = {
			isa = PBXFrameworksBuildPhase;
			buildActionMask = 2147483647;
			files = (
			);
			runOnlyForDeploymentPostprocessing = 0;
		};
		30BA92D82B08F2AA00731AB3 /* Frameworks */ = {
			isa = PBXFrameworksBuildPhase;
			buildActionMask = 2147483647;
			files = (
			);
			runOnlyForDeploymentPostprocessing = 0;
		};
		30BA92E22B08F2AA00731AB3 /* Frameworks */ = {
			isa = PBXFrameworksBuildPhase;
			buildActionMask = 2147483647;
			files = (
			);
			runOnlyForDeploymentPostprocessing = 0;
		};
/* End PBXFrameworksBuildPhase section */

/* Begin PBXGroup section */
		30BA92C22B08F2A800731AB3 = {
			isa = PBXGroup;
			children = (
				30BA92CD2B08F2A800731AB3 /* Chapter4 */,
				30BA92DE2B08F2AA00731AB3 /* Chapter4Tests */,
				30BA92E82B08F2AA00731AB3 /* Chapter4UITests */,
				30BA92CC2B08F2A800731AB3 /* Products */,
			);
			sourceTree = "<group>";
		};
		30BA92CC2B08F2A800731AB3 /* Products */ = {
			isa = PBXGroup;
			children = (
				30BA92CB2B08F2A800731AB3 /* Chapter4.app */,
				30BA92DB2B08F2AA00731AB3 /* Chapter4Tests.xctest */,
				30BA92E52B08F2AA00731AB3 /* Chapter4UITests.xctest */,
			);
			name = Products;
			sourceTree = "<group>";
		};
		30BA92CD2B08F2A800731AB3 /* Chapter4 */ = {
			isa = PBXGroup;
			children = (
				30BA92CE2B08F2A800731AB3 /* Chapter4App.swift */,
				30BA92D02B08F2A800731AB3 /* ContentView.swift */,
				30BA92D22B08F2A900731AB3 /* Assets.xcassets */,
				30BA92D42B08F2A900731AB3 /* Preview Content */,
			);
			path = Chapter4;
			sourceTree = "<group>";
		};
		30BA92D42B08F2A900731AB3 /* Preview Content */ = {
			isa = PBXGroup;
			children = (
				30BA92D52B08F2A900731AB3 /* Preview Assets.xcassets */,
			);
			path = "Preview Content";
			sourceTree = "<group>";
		};
		30BA92DE2B08F2AA00731AB3 /* Chapter4Tests */ = {
			isa = PBXGroup;
			children = (
				30BA92DF2B08F2AA00731AB3 /* Chapter4Tests.swift */,
			);
			path = Chapter4Tests;
			sourceTree = "<group>";
		};
		30BA92E82B08F2AA00731AB3 /* Chapter4UITests */ = {
			isa = PBXGroup;
			children = (
				30BA92E92B08F2AA00731AB3 /* Chapter4UITests.swift */,
				30BA92EB2B08F2AA00731AB3 /* Chapter4UITestsLaunchTests.swift */,
			);
			path = Chapter4UITests;
			sourceTree = "<group>";
		};
/* End PBXGroup section */

/* Begin PBXNativeTarget section */
		30BA92CA2B08F2A800731AB3 /* Chapter4 */ = {
			isa = PBXNativeTarget;
			buildConfigurationList = 30BA92EF2B08F2AA00731AB3 /* Build configuration list for PBXNativeTarget "Chapter4" */;
			buildPhases = (
				30BA92C72B08F2A800731AB3 /* Sources */,
				30BA92C82B08F2A800731AB3 /* Frameworks */,
				30BA92C92B08F2A800731AB3 /* Resources */,
			);
			buildRules = (
			);
			dependencies = (
			);
			name = Chapter4;
			productName = Chapter4;
			productReference = 30BA92CB2B08F2A800731AB3 /* Chapter4.app */;
			productType = "com.apple.product-type.application";
		};
		30BA92DA2B08F2AA00731AB3 /* Chapter4Tests */ = {
			isa = PBXNativeTarget;
			buildConfigurationList = 30BA92F22B08F2AA00731AB3 /* Build configuration list for PBXNativeTarget "Chapter4Tests" */;
			buildPhases = (
				30BA92D72B08F2AA00731AB3 /* Sources */,
				30BA92D82B08F2AA00731AB3 /* Frameworks */,
				30BA92D92B08F2AA00731AB3 /* Resources */,
			);
			buildRules = (
			);
			dependencies = (
				30BA92DD2B08F2AA00731AB3 /* PBXTargetDependency */,
			);
			name = Chapter4Tests;
			productName = Chapter4Tests;
			productReference = 30BA92DB2B08F2AA00731AB3 /* Chapter4Tests.xctest */;
			productType = "com.apple.product-type.bundle.unit-test";
		};
		30BA92E42B08F2AA00731AB3 /* Chapter4UITests */ = {
			isa = PBXNativeTarget;
			buildConfigurationList = 30BA92F52B08F2AA00731AB3 /* Build configuration list for PBXNativeTarget "Chapter4UITests" */;
			buildPhases = (
				30BA92E12B08F2AA00731AB3 /* Sources */,
				30BA92E22B08F2AA00731AB3 /* Frameworks */,
				30BA92E32B08F2AA00731AB3 /* Resources */,
			);
			buildRules = (
			);
			dependencies = (
				30BA92E72B08F2AA00731AB3 /* PBXTargetDependency */,
			);
			name = Chapter4UITests;
			productName = Chapter4UITests;
			productReference = 30BA92E52B08F2AA00731AB3 /* Chapter4UITests.xctest */;
			productType = "com.apple.product-type.bundle.ui-testing";
		};
/* End PBXNativeTarget section */

/* Begin PBXProject section */
		30BA92C32B08F2A800731AB3 /* Project object */ = {
			isa = PBXProject;
			attributes = {
				BuildIndependentTargetsInParallel = 1;
				LastSwiftUpdateCheck = 1500;
				LastUpgradeCheck = 1500;
				TargetAttributes = {
					30BA92CA2B08F2A800731AB3 = {
						CreatedOnToolsVersion = 15.0.1;
					};
					30BA92DA2B08F2AA00731AB3 = {
						CreatedOnToolsVersion = 15.0.1;
						TestTargetID = 30BA92CA2B08F2A800731AB3;
					};
					30BA92E42B08F2AA00731AB3 = {
						CreatedOnToolsVersion = 15.0.1;
						TestTargetID = 30BA92CA2B08F2A800731AB3;
					};
				};
			};
			buildConfigurationList = 30BA92C62B08F2A800731AB3 /* Build configuration list for PBXProject "Chapter4" */;
			compatibilityVersion = "Xcode 14.0";
			developmentRegion = en;
			hasScannedForEncodings = 0;
			knownRegions = (
				en,
				Base,
			);
			mainGroup = 30BA92C22B08F2A800731AB3;
			productRefGroup = 30BA92CC2B08F2A800731AB3 /* Products */;
			projectDirPath = "";
			projectRoot = "";
			targets = (
				30BA92CA2B08F2A800731AB3 /* Chapter4 */,
				30BA92DA2B08F2AA00731AB3 /* Chapter4Tests */,
				30BA92E42B08F2AA00731AB3 /* Chapter4UITests */,
			);
		};
/* End PBXProject section */

/* Begin PBXResourcesBuildPhase section */
		30BA92C92B08F2A800731AB3 /* Resources */ = {
			isa = PBXResourcesBuildPhase;
			buildActionMask = 2147483647;
			files = (
				30BA92D62B08F2A900731AB3 /* Preview Assets.xcassets in Resources */,
				30BA92D32B08F2A900731AB3 /* Assets.xcassets in Resources */,
			);
			runOnlyForDeploymentPostprocessing = 0;
		};
		30BA92D92B08F2AA00731AB3 /* Resources */ = {
			isa = PBXResourcesBuildPhase;
			buildActionMask = 2147483647;
			files = (
			);
			runOnlyForDeploymentPostprocessing = 0;
		};
		30BA92E32B08F2AA00731AB3 /* Resources */ = {
			isa = PBXResourcesBuildPhase;
			buildActionMask = 2147483647;
			files = (
			);
			runOnlyForDeploymentPostprocessing = 0;
		};
/* End PBXResourcesBuildPhase section */

/* Begin PBXSourcesBuildPhase section */
		30BA92C72B08F2A800731AB3 /* Sources */ = {
			isa = PBXSourcesBuildPhase;
			buildActionMask = 2147483647;
			files = (
				30BA92D12B08F2A800731AB3 /* ContentView.swift in Sources */,
				30BA92CF2B08F2A800731AB3 /* Chapter4App.swift in Sources */,
			);
			runOnlyForDeploymentPostprocessing = 0;
		};
		30BA92D72B08F2AA00731AB3 /* Sources */ = {
			isa = PBXSourcesBuildPhase;
			buildActionMask = 2147483647;
			files = (
				30BA92E02B08F2AA00731AB3 /* Chapter4Tests.swift in Sources */,
			);
			runOnlyForDeploymentPostprocessing = 0;
		};
		30BA92E12B08F2AA00731AB3 /* Sources */ = {
			isa = PBXSourcesBuildPhase;
			buildActionMask = 2147483647;
			files = (
				30BA92EC2B08F2AA00731AB3 /* Chapter4UITestsLaunchTests.swift in Sources */,
				30BA92EA2B08F2AA00731AB3 /* Chapter4UITests.swift in Sources */,
			);
			runOnlyForDeploymentPostprocessing = 0;
		};
/* End PBXSourcesBuildPhase section */

/* Begin PBXTargetDependency section */
		30BA92DD2B08F2AA00731AB3 /* PBXTargetDependency */ = {
			isa = PBXTargetDependency;
			target = 30BA92CA2B08F2A800731AB3 /* Chapter4 */;
			targetProxy = 30BA92DC2B08F2AA00731AB3 /* PBXContainerItemProxy */;
		};
		30BA92E72B08F2AA00731AB3 /* PBXTargetDependency */ = {
			isa = PBXTargetDependency;
			target = 30BA92CA2B08F2A800731AB3 /* Chapter4 */;
			targetProxy = 30BA92E62B08F2AA00731AB3 /* PBXContainerItemProxy */;
		};
/* End PBXTargetDependency section */

/* Begin XCBuildConfiguration section */
		30BA92ED2B08F2AA00731AB3 /* Debug */ = {
			isa = XCBuildConfiguration;
			buildSettings = {
				ALWAYS_SEARCH_USER_PATHS = NO;
				ASSETCATALOG_COMPILER_GENERATE_SWIFT_ASSET_SYMBOL_EXTENSIONS = YES;
				CLANG_ANALYZER_NONNULL = YES;
				CLANG_ANALYZER_NUMBER_OBJECT_CONVERSION = YES_AGGRESSIVE;
				CLANG_CXX_LANGUAGE_STANDARD = "gnu++20";
				CLANG_ENABLE_MODULES = YES;
				CLANG_ENABLE_OBJC_ARC = YES;
				CLANG_ENABLE_OBJC_WEAK = YES;
				CLANG_WARN_BLOCK_CAPTURE_AUTORELEASING = YES;
				CLANG_WARN_BOOL_CONVERSION = YES;
				CLANG_WARN_COMMA = YES;
				CLANG_WARN_CONSTANT_CONVERSION = YES;
				CLANG_WARN_DEPRECATED_OBJC_IMPLEMENTATIONS = YES;
				CLANG_WARN_DIRECT_OBJC_ISA_USAGE = YES_ERROR;
				CLANG_WARN_DOCUMENTATION_COMMENTS = YES;
				CLANG_WARN_EMPTY_BODY = YES;
				CLANG_WARN_ENUM_CONVERSION = YES;
				CLANG_WARN_INFINITE_RECURSION = YES;
				CLANG_WARN_INT_CONVERSION = YES;
				CLANG_WARN_NON_LITERAL_NULL_CONVERSION = YES;
				CLANG_WARN_OBJC_IMPLICIT_RETAIN_SELF = YES;
				CLANG_WARN_OBJC_LITERAL_CONVERSION = YES;
				CLANG_WARN_OBJC_ROOT_CLASS = YES_ERROR;
				CLANG_WARN_QUOTED_INCLUDE_IN_FRAMEWORK_HEADER = YES;
				CLANG_WARN_RANGE_LOOP_ANALYSIS = YES;
				CLANG_WARN_STRICT_PROTOTYPES = YES;
				CLANG_WARN_SUSPICIOUS_MOVE = YES;
				CLANG_WARN_UNGUARDED_AVAILABILITY = YES_AGGRESSIVE;
				CLANG_WARN_UNREACHABLE_CODE = YES;
				CLANG_WARN__DUPLICATE_METHOD_MATCH = YES;
				COPY_PHASE_STRIP = NO;
				DEBUG_INFORMATION_FORMAT = dwarf;
				ENABLE_STRICT_OBJC_MSGSEND = YES;
				ENABLE_TESTABILITY = YES;
				ENABLE_USER_SCRIPT_SANDBOXING = YES;
				GCC_C_LANGUAGE_STANDARD = gnu17;
				GCC_DYNAMIC_NO_PIC = NO;
				GCC_NO_COMMON_BLOCKS = YES;
				GCC_OPTIMIZATION_LEVEL = 0;
				GCC_PREPROCESSOR_DEFINITIONS = (
					"DEBUG=1",
					"$(inherited)",
				);
				GCC_WARN_64_TO_32_BIT_CONVERSION = YES;
				GCC_WARN_ABOUT_RETURN_TYPE = YES_ERROR;
				GCC_WARN_UNDECLARED_SELECTOR = YES;
				GCC_WARN_UNINITIALIZED_AUTOS = YES_AGGRESSIVE;
				GCC_WARN_UNUSED_FUNCTION = YES;
				GCC_WARN_UNUSED_VARIABLE = YES;
				IPHONEOS_DEPLOYMENT_TARGET = 17.0;
				LOCALIZATION_PREFERS_STRING_CATALOGS = YES;
				MTL_ENABLE_DEBUG_INFO = INCLUDE_SOURCE;
				MTL_FAST_MATH = YES;
				ONLY_ACTIVE_ARCH = YES;
				SDKROOT = iphoneos;
				SWIFT_ACTIVE_COMPILATION_CONDITIONS = "DEBUG $(inherited)";
				SWIFT_OPTIMIZATION_LEVEL = "-Onone";
			};
			name = Debug;
		};
		30BA92EE2B08F2AA00731AB3 /* Release */ = {
			isa = XCBuildConfiguration;
			buildSettings = {
				ALWAYS_SEARCH_USER_PATHS = NO;
				ASSETCATALOG_COMPILER_GENERATE_SWIFT_ASSET_SYMBOL_EXTENSIONS = YES;
				CLANG_ANALYZER_NONNULL = YES;
				CLANG_ANALYZER_NUMBER_OBJECT_CONVERSION = YES_AGGRESSIVE;
				CLANG_CXX_LANGUAGE_STANDARD = "gnu++20";
				CLANG_ENABLE_MODULES = YES;
				CLANG_ENABLE_OBJC_ARC = YES;
				CLANG_ENABLE_OBJC_WEAK = YES;
				CLANG_WARN_BLOCK_CAPTURE_AUTORELEASING = YES;
				CLANG_WARN_BOOL_CONVERSION = YES;
				CLANG_WARN_COMMA = YES;
				CLANG_WARN_CONSTANT_CONVERSION = YES;
				CLANG_WARN_DEPRECATED_OBJC_IMPLEMENTATIONS = YES;
				CLANG_WARN_DIRECT_OBJC_ISA_USAGE = YES_ERROR;
				CLANG_WARN_DOCUMENTATION_COMMENTS = YES;
				CLANG_WARN_EMPTY_BODY = YES;
				CLANG_WARN_ENUM_CONVERSION = YES;
				CLANG_WARN_INFINITE_RECURSION = YES;
				CLANG_WARN_INT_CONVERSION = YES;
				CLANG_WARN_NON_LITERAL_NULL_CONVERSION = YES;
				CLANG_WARN_OBJC_IMPLICIT_RETAIN_SELF = YES;
				CLANG_WARN_OBJC_LITERAL_CONVERSION = YES;
				CLANG_WARN_OBJC_ROOT_CLASS = YES_ERROR;
				CLANG_WARN_QUOTED_INCLUDE_IN_FRAMEWORK_HEADER = YES;
				CLANG_WARN_RANGE_LOOP_ANALYSIS = YES;
				CLANG_WARN_STRICT_PROTOTYPES = YES;
				CLANG_WARN_SUSPICIOUS_MOVE = YES;
				CLANG_WARN_UNGUARDED_AVAILABILITY = YES_AGGRESSIVE;
				CLANG_WARN_UNREACHABLE_CODE = YES;
				CLANG_WARN__DUPLICATE_METHOD_MATCH = YES;
				COPY_PHASE_STRIP = NO;
				DEBUG_INFORMATION_FORMAT = "dwarf-with-dsym";
				ENABLE_NS_ASSERTIONS = NO;
				ENABLE_STRICT_OBJC_MSGSEND = YES;
				ENABLE_USER_SCRIPT_SANDBOXING = YES;
				GCC_C_LANGUAGE_STANDARD = gnu17;
				GCC_NO_COMMON_BLOCKS = YES;
				GCC_WARN_64_TO_32_BIT_CONVERSION = YES;
				GCC_WARN_ABOUT_RETURN_TYPE = YES_ERROR;
				GCC_WARN_UNDECLARED_SELECTOR = YES;
				GCC_WARN_UNINITIALIZED_AUTOS = YES_AGGRESSIVE;
				GCC_WARN_UNUSED_FUNCTION = YES;
				GCC_WARN_UNUSED_VARIABLE = YES;
				IPHONEOS_DEPLOYMENT_TARGET = 17.0;
				LOCALIZATION_PREFERS_STRING_CATALOGS = YES;
				MTL_ENABLE_DEBUG_INFO = NO;
				MTL_FAST_MATH = YES;
				SDKROOT = iphoneos;
				SWIFT_COMPILATION_MODE = wholemodule;
				VALIDATE_PRODUCT = YES;
			};
			name = Release;
		};
		30BA92F02B08F2AA00731AB3 /* Debug */ = {
			isa = XCBuildConfiguration;
			buildSettings = {
				ASSETCATALOG_COMPILER_APPICON_NAME = AppIcon;
				ASSETCATALOG_COMPILER_GLOBAL_ACCENT_COLOR_NAME = AccentColor;
				CODE_SIGN_STYLE = Automatic;
				CURRENT_PROJECT_VERSION = 1;
				DEVELOPMENT_ASSET_PATHS = "\"Chapter4/Preview Content\"";
				DEVELOPMENT_TEAM = WNEUDLL4LF;
				ENABLE_PREVIEWS = YES;
				GENERATE_INFOPLIST_FILE = YES;
				INFOPLIST_KEY_UIApplicationSceneManifest_Generation = YES;
				INFOPLIST_KEY_UIApplicationSupportsIndirectInputEvents = YES;
				INFOPLIST_KEY_UILaunchScreen_Generation = YES;
				INFOPLIST_KEY_UISupportedInterfaceOrientations_iPad = "UIInterfaceOrientationPortrait UIInterfaceOrientationPortraitUpsideDown UIInterfaceOrientationLandscapeLeft UIInterfaceOrientationLandscapeRight";
				INFOPLIST_KEY_UISupportedInterfaceOrientations_iPhone = "UIInterfaceOrientationPortrait UIInterfaceOrientationLandscapeLeft UIInterfaceOrientationLandscapeRight";
				LD_RUNPATH_SEARCH_PATHS = (
					"$(inherited)",
					"@executable_path/Frameworks",
				);
				MARKETING_VERSION = 1.0;
				PRODUCT_BUNDLE_IDENTIFIER = "com.Personal-Factory.Chapter4";
				PRODUCT_NAME = "$(TARGET_NAME)";
				SWIFT_EMIT_LOC_STRINGS = YES;
				SWIFT_VERSION = 5.0;
				TARGETED_DEVICE_FAMILY = "1,2";
			};
			name = Debug;
		};
		30BA92F12B08F2AA00731AB3 /* Release */ = {
			isa = XCBuildConfiguration;
			buildSettings = {
				ASSETCATALOG_COMPILER_APPICON_NAME = AppIcon;
				ASSETCATALOG_COMPILER_GLOBAL_ACCENT_COLOR_NAME = AccentColor;
				CODE_SIGN_STYLE = Automatic;
				CURRENT_PROJECT_VERSION = 1;
				DEVELOPMENT_ASSET_PATHS = "\"Chapter4/Preview Content\"";
				DEVELOPMENT_TEAM = WNEUDLL4LF;
				ENABLE_PREVIEWS = YES;
				GENERATE_INFOPLIST_FILE = YES;
				INFOPLIST_KEY_UIApplicationSceneManifest_Generation = YES;
				INFOPLIST_KEY_UIApplicationSupportsIndirectInputEvents = YES;
				INFOPLIST_KEY_UILaunchScreen_Generation = YES;
				INFOPLIST_KEY_UISupportedInterfaceOrientations_iPad = "UIInterfaceOrientationPortrait UIInterfaceOrientationPortraitUpsideDown UIInterfaceOrientationLandscapeLeft UIInterfaceOrientationLandscapeRight";
				INFOPLIST_KEY_UISupportedInterfaceOrientations_iPhone = "UIInterfaceOrientationPortrait UIInterfaceOrientationLandscapeLeft UIInterfaceOrientationLandscapeRight";
				LD_RUNPATH_SEARCH_PATHS = (
					"$(inherited)",
					"@executable_path/Frameworks",
				);
				MARKETING_VERSION = 1.0;
				PRODUCT_BUNDLE_IDENTIFIER = "com.Personal-Factory.Chapter4";
				PRODUCT_NAME = "$(TARGET_NAME)";
				SWIFT_EMIT_LOC_STRINGS = YES;
				SWIFT_VERSION = 5.0;
				TARGETED_DEVICE_FAMILY = "1,2";
			};
			name = Release;
		};
		30BA92F32B08F2AA00731AB3 /* Debug */ = {
			isa = XCBuildConfiguration;
			buildSettings = {
				ALWAYS_EMBED_SWIFT_STANDARD_LIBRARIES = YES;
				BUNDLE_LOADER = "$(TEST_HOST)";
				CODE_SIGN_STYLE = Automatic;
				CURRENT_PROJECT_VERSION = 1;
				DEVELOPMENT_TEAM = WNEUDLL4LF;
				GENERATE_INFOPLIST_FILE = YES;
				IPHONEOS_DEPLOYMENT_TARGET = 17.0;
				MARKETING_VERSION = 1.0;
				PRODUCT_BUNDLE_IDENTIFIER = "com.Personal-Factory.Chapter4Tests";
				PRODUCT_NAME = "$(TARGET_NAME)";
				SWIFT_EMIT_LOC_STRINGS = NO;
				SWIFT_VERSION = 5.0;
				TARGETED_DEVICE_FAMILY = "1,2";
				TEST_HOST = "$(BUILT_PRODUCTS_DIR)/Chapter4.app/$(BUNDLE_EXECUTABLE_FOLDER_PATH)/Chapter4";
			};
			name = Debug;
		};
		30BA92F42B08F2AA00731AB3 /* Release */ = {
			isa = XCBuildConfiguration;
			buildSettings = {
				ALWAYS_EMBED_SWIFT_STANDARD_LIBRARIES = YES;
				BUNDLE_LOADER = "$(TEST_HOST)";
				CODE_SIGN_STYLE = Automatic;
				CURRENT_PROJECT_VERSION = 1;
				DEVELOPMENT_TEAM = WNEUDLL4LF;
				GENERATE_INFOPLIST_FILE = YES;
				IPHONEOS_DEPLOYMENT_TARGET = 17.0;
				MARKETING_VERSION = 1.0;
				PRODUCT_BUNDLE_IDENTIFIER = "com.Personal-Factory.Chapter4Tests";
				PRODUCT_NAME = "$(TARGET_NAME)";
				SWIFT_EMIT_LOC_STRINGS = NO;
				SWIFT_VERSION = 5.0;
				TARGETED_DEVICE_FAMILY = "1,2";
				TEST_HOST = "$(BUILT_PRODUCTS_DIR)/Chapter4.app/$(BUNDLE_EXECUTABLE_FOLDER_PATH)/Chapter4";
			};
			name = Release;
		};
		30BA92F62B08F2AA00731AB3 /* Debug */ = {
			isa = XCBuildConfiguration;
			buildSettings = {
				ALWAYS_EMBED_SWIFT_STANDARD_LIBRARIES = YES;
				CODE_SIGN_STYLE = Automatic;
				CURRENT_PROJECT_VERSION = 1;
				DEVELOPMENT_TEAM = WNEUDLL4LF;
				GENERATE_INFOPLIST_FILE = YES;
				MARKETING_VERSION = 1.0;
				PRODUCT_BUNDLE_IDENTIFIER = "com.Personal-Factory.Chapter4UITests";
				PRODUCT_NAME = "$(TARGET_NAME)";
				SWIFT_EMIT_LOC_STRINGS = NO;
				SWIFT_VERSION = 5.0;
				TARGETED_DEVICE_FAMILY = "1,2";
				TEST_TARGET_NAME = Chapter4;
			};
			name = Debug;
		};
		30BA92F72B08F2AA00731AB3 /* Release */ = {
			isa = XCBuildConfiguration;
			buildSettings = {
				ALWAYS_EMBED_SWIFT_STANDARD_LIBRARIES = YES;
				CODE_SIGN_STYLE = Automatic;
				CURRENT_PROJECT_VERSION = 1;
				DEVELOPMENT_TEAM = WNEUDLL4LF;
				GENERATE_INFOPLIST_FILE = YES;
				MARKETING_VERSION = 1.0;
				PRODUCT_BUNDLE_IDENTIFIER = "com.Personal-Factory.Chapter4UITests";
				PRODUCT_NAME = "$(TARGET_NAME)";
				SWIFT_EMIT_LOC_STRINGS = NO;
				SWIFT_VERSION = 5.0;
				TARGETED_DEVICE_FAMILY = "1,2";
				TEST_TARGET_NAME = Chapter4;
			};
			name = Release;
		};
/* End XCBuildConfiguration section */

/* Begin XCConfigurationList section */
		30BA92C62B08F2A800731AB3 /* Build configuration list for PBXProject "Chapter4" */ = {
			isa = XCConfigurationList;
			buildConfigurations = (
				30BA92ED2B08F2AA00731AB3 /* Debug */,
				30BA92EE2B08F2AA00731AB3 /* Release */,
			);
			defaultConfigurationIsVisible = 0;
			defaultConfigurationName = Release;
		};
		30BA92EF2B08F2AA00731AB3 /* Build configuration list for PBXNativeTarget "Chapter4" */ = {
			isa = XCConfigurationList;
			buildConfigurations = (
				30BA92F02B08F2AA00731AB3 /* Debug */,
				30BA92F12B08F2AA00731AB3 /* Release */,
			);
			defaultConfigurationIsVisible = 0;
			defaultConfigurationName = Release;
		};
		30BA92F22B08F2AA00731AB3 /* Build configuration list for PBXNativeTarget "Chapter4Tests" */ = {
			isa = XCConfigurationList;
			buildConfigurations = (
				30BA92F32B08F2AA00731AB3 /* Debug */,
				30BA92F42B08F2AA00731AB3 /* Release */,
			);
			defaultConfigurationIsVisible = 0;
			defaultConfigurationName = Release;
		};
		30BA92F52B08F2AA00731AB3 /* Build configuration list for PBXNativeTarget "Chapter4UITests" */ = {
			isa = XCConfigurationList;
			buildConfigurations = (
				30BA92F62B08F2AA00731AB3 /* Debug */,
				30BA92F72B08F2AA00731AB3 /* Release */,
			);
			defaultConfigurationIsVisible = 0;
			defaultConfigurationName = Release;
		};
/* End XCConfigurationList section */
	};
	rootObject = 30BA92C32B08F2A800731AB3 /* Project object */;
}
